# This file is automatically @generated by Poetry 1.8.3 and should not be changed by hand.

[[package]]
name = "robotframework"
version = "7.2.2"
description = "Generic automation framework for acceptance testing and robotic process automation (RPA)"
optional = false
python-versions = ">=3.8"
files = [
    {file = "robotframework-7.2.2-py3-none-any.whl", hash = "sha256:1cb4ec69d52aae515bf6037cee66a2a2d8dc3256368081c0f4b3d4578d40904e"},
    {file = "robotframework-7.2.2.tar.gz", hash = "sha256:9c420f6d35e9c8cd4b75b77cc78e36407604534ec4ab0cbddf699d7c0b2fc435"},
]

[metadata]
lock-version = "2.0"
python-versions = "^3.12"
content-hash = "af0b9ccfb1869c4e2710148ae6811fb6b4df8c5918a0f768e69bc621a5f4bc1a"
